
Microsoft Visual Studio Solution File, Format Version 12.00
# Visual Studio Version 16
VisualStudioVersion = 16.0.30907.101
MinimumVisualStudioVersion = 10.0.40219.1
Project("{FAE04EC0-301F-11D3-BF4B-00C04F79EFBC}") = "DSP_Plugins.QOLFeatures", "DSP_Plugins.QOLFeatures\DSP_Plugins.QOLFeatures.csproj", "{658BB596-C691-44CA-BDA8-A3D2ED9EEC26}"
EndProject
Project("{D954291E-2A0B-460D-934E-DC6B0785DB48}") = "DSP_Plugins.Shared", "DSP_Plugins.Shared\DSP_Plugins.Shared.shproj", "{43957A34-AFDB-4502-8A9D-6578FAE6B233}"
EndProject
Project("{FAE04EC0-301F-11D3-BF4B-00C04F79EFBC}") = "DSP_Plugins.GalacticScale", "DSP_Plugins.GalacticScale\DSP_Plugins.GalacticScale.csproj", "{BD2A2BB8-F34B-4E0B-8E6C-F561D367E76D}"
EndProject
Global
	GlobalSection(SharedMSBuildProjectFiles) = preSolution
		DSP_Plugins.Shared\DSP_Plugins.Shared.projitems*{43957a34-afdb-4502-8a9d-6578fae6b233}*SharedItemsImports = 13
		DSP_Plugins.Shared\DSP_Plugins.Shared.projitems*{658bb596-c691-44ca-bda8-a3d2ed9eec26}*SharedItemsImports = 4
		DSP_Plugins.Shared\DSP_Plugins.Shared.projitems*{bd2a2bb8-f34b-4e0b-8e6c-f561d367e76d}*SharedItemsImports = 4
	EndGlobalSection
	GlobalSection(SolutionConfigurationPlatforms) = preSolution
		Debug|Any CPU = Debug|Any CPU
		Release|Any CPU = Release|Any CPU
	EndGlobalSection
	GlobalSection(ProjectConfigurationPlatforms) = postSolution
		{658BB596-C691-44CA-BDA8-A3D2ED9EEC26}.Debug|Any CPU.ActiveCfg = Debug|Any CPU
		{658BB596-C691-44CA-BDA8-A3D2ED9EEC26}.Debug|Any CPU.Build.0 = Debug|Any CPU
		{658BB596-C691-44CA-BDA8-A3D2ED9EEC26}.Release|Any CPU.ActiveCfg = Release|Any CPU
		{658BB596-C691-44CA-BDA8-A3D2ED9EEC26}.Release|Any CPU.Build.0 = Release|Any CPU
		{BD2A2BB8-F34B-4E0B-8E6C-F561D367E76D}.Debug|Any CPU.ActiveCfg = Debug|Any CPU
		{BD2A2BB8-F34B-4E0B-8E6C-F561D367E76D}.Debug|Any CPU.Build.0 = Debug|Any CPU
		{BD2A2BB8-F34B-4E0B-8E6C-F561D367E76D}.Release|Any CPU.ActiveCfg = Release|Any CPU
		{BD2A2BB8-F34B-4E0B-8E6C-F561D367E76D}.Release|Any CPU.Build.0 = Release|Any CPU
	EndGlobalSection
	GlobalSection(SolutionProperties) = preSolution
		HideSolutionNode = FALSE
	EndGlobalSection
	GlobalSection(ExtensibilityGlobals) = postSolution
		SolutionGuid = {405E238F-B77D-4674-9152-6CE30C33BCD3}
	EndGlobalSection
EndGlobal
