
Microsoft Visual Studio Solution File, Format Version 12.00
# Visual Studio Version 16
VisualStudioVersion = 16.0.30907.101
MinimumVisualStudioVersion = 10.0.40219.1
Project("{FAE04EC0-301F-11D3-BF4B-00C04F79EFBC}") = "DSP_Plugins.GalacticScale", "DSP_Plugins.GalacticScale\DSP_Plugins.GalacticScale.csproj", "{BD2A2BB8-F34B-4E0B-8E6C-F561D367E76D}"
EndProject
Global
	GlobalSection(SolutionConfigurationPlatforms) = preSolution
		Debug|Any CPU = Debug|Any CPU
		Release|Any CPU = Release|Any CPU
	EndGlobalSection
	GlobalSection(ProjectConfigurationPlatforms) = postSolution
		{BD2A2BB8-F34B-4E0B-8E6C-F561D367E76D}.Debug|Any CPU.ActiveCfg = Debug|Any CPU
		{BD2A2BB8-F34B-4E0B-8E6C-F561D367E76D}.Debug|Any CPU.Build.0 = Debug|Any CPU
		{BD2A2BB8-F34B-4E0B-8E6C-F561D367E76D}.Release|Any CPU.ActiveCfg = Release|Any CPU
		{BD2A2BB8-F34B-4E0B-8E6C-F561D367E76D}.Release|Any CPU.Build.0 = Release|Any CPU
	EndGlobalSection
	GlobalSection(SolutionProperties) = preSolution
		HideSolutionNode = FALSE
	EndGlobalSection
	GlobalSection(ExtensibilityGlobals) = postSolution
		SolutionGuid = {405E238F-B77D-4674-9152-6CE30C33BCD3}
	EndGlobalSection
EndGlobal
